
Microsoft Visual Studio Solution File, Format Version 12.00
# Visual Studio Version 16
VisualStudioVersion = 16.0.30225.117
MinimumVisualStudioVersion = 10.0.40219.1
Project("{FAE04EC0-301F-11D3-BF4B-00C04F79EFBC}") = "test-graph-ql", "test-graph-ql\test-graph-ql.csproj", "{7B8D7A26-9A10-44AB-8821-E77544F77C23}"
EndProject
Global
	GlobalSection(SolutionConfigurationPlatforms) = preSolution
		Debug|Any CPU = Debug|Any CPU
		Release|Any CPU = Release|Any CPU
	EndGlobalSection
	GlobalSection(ProjectConfigurationPlatforms) = postSolution
		{7B8D7A26-9A10-44AB-8821-E77544F77C23}.Debug|Any CPU.ActiveCfg = Debug|Any CPU
		{7B8D7A26-9A10-44AB-8821-E77544F77C23}.Debug|Any CPU.Build.0 = Debug|Any CPU
		{7B8D7A26-9A10-44AB-8821-E77544F77C23}.Release|Any CPU.ActiveCfg = Release|Any CPU
		{7B8D7A26-9A10-44AB-8821-E77544F77C23}.Release|Any CPU.Build.0 = Release|Any CPU
	EndGlobalSection
	GlobalSection(SolutionProperties) = preSolution
		HideSolutionNode = FALSE
	EndGlobalSection
	GlobalSection(ExtensibilityGlobals) = postSolution
		SolutionGuid = {53C0FA66-070B-4BF1-9EDD-F113AAC07C97}
	EndGlobalSection
EndGlobal
